// !$*UTF8*$!
{
	archiveVersion = 1;
	classes = {
	};
	objectVersion = 46;
	objects = {

/* Begin PBXBuildFile section */
		8839D9631F4256890005F1B8 /* AppDelegate.swift in Sources */ = {isa = PBXBuildFile; fileRef = 8839D9621F4256890005F1B8 /* AppDelegate.swift */; };
		8839D9651F4256890005F1B8 /* MainVC.swift in Sources */ = {isa = PBXBuildFile; fileRef = 8839D9641F4256890005F1B8 /* MainVC.swift */; };
		8839D9681F4256890005F1B8 /* Main.storyboard in Resources */ = {isa = PBXBuildFile; fileRef = 8839D9661F4256890005F1B8 /* Main.storyboard */; };
		8839D96A1F4256890005F1B8 /* Assets.xcassets in Resources */ = {isa = PBXBuildFile; fileRef = 8839D9691F4256890005F1B8 /* Assets.xcassets */; };
		8839D96D1F4256890005F1B8 /* LaunchScreen.storyboard in Resources */ = {isa = PBXBuildFile; fileRef = 8839D96B1F4256890005F1B8 /* LaunchScreen.storyboard */; };
		8839D9781F4256890005F1B8 /* FamilyShopperTests.swift in Sources */ = {isa = PBXBuildFile; fileRef = 8839D9771F4256890005F1B8 /* FamilyShopperTests.swift */; };
		8839D9831F4256890005F1B8 /* FamilyShopperUITests.swift in Sources */ = {isa = PBXBuildFile; fileRef = 8839D9821F4256890005F1B8 /* FamilyShopperUITests.swift */; };
		8839D9951F42592F0005F1B8 /* CurrencyTxtField.swift in Sources */ = {isa = PBXBuildFile; fileRef = 8839D9941F42592F0005F1B8 /* CurrencyTxtField.swift */; };
		8839D9971F425FCD0005F1B8 /* Wage.swift in Sources */ = {isa = PBXBuildFile; fileRef = 8839D9961F425FCD0005F1B8 /* Wage.swift */; };
/* End PBXBuildFile section */

/* Begin PBXContainerItemProxy section */
		8839D9741F4256890005F1B8 /* PBXContainerItemProxy */ = {
			isa = PBXContainerItemProxy;
			containerPortal = 8839D9571F4256890005F1B8 /* Project object */;
			proxyType = 1;
			remoteGlobalIDString = 8839D95E1F4256890005F1B8;
			remoteInfo = FamilyShopper;
		};
		8839D97F1F4256890005F1B8 /* PBXContainerItemProxy */ = {
			isa = PBXContainerItemProxy;
			containerPortal = 8839D9571F4256890005F1B8 /* Project object */;
			proxyType = 1;
			remoteGlobalIDString = 8839D95E1F4256890005F1B8;
			remoteInfo = FamilyShopper;
		};
/* End PBXContainerItemProxy section */

/* Begin PBXFileReference section */
		8839D95F1F4256890005F1B8 /* FamilyShopper.app */ = {isa = PBXFileReference; explicitFileType = wrapper.application; includeInIndex = 0; path = FamilyShopper.app; sourceTree = BUILT_PRODUCTS_DIR; };
		8839D9621F4256890005F1B8 /* AppDelegate.swift */ = {isa = PBXFileReference; lastKnownFileType = sourcecode.swift; path = AppDelegate.swift; sourceTree = "<group>"; };
		8839D9641F4256890005F1B8 /* MainVC.swift */ = {isa = PBXFileReference; lastKnownFileType = sourcecode.swift; path = MainVC.swift; sourceTree = "<group>"; };
		8839D9671F4256890005F1B8 /* Base */ = {isa = PBXFileReference; lastKnownFileType = file.storyboard; name = Base; path = Base.lproj/Main.storyboard; sourceTree = "<group>"; };
		8839D9691F4256890005F1B8 /* Assets.xcassets */ = {isa = PBXFileReference; lastKnownFileType = folder.assetcatalog; path = Assets.xcassets; sourceTree = "<group>"; };
		8839D96C1F4256890005F1B8 /* Base */ = {isa = PBXFileReference; lastKnownFileType = file.storyboard; name = Base; path = Base.lproj/LaunchScreen.storyboard; sourceTree = "<group>"; };
		8839D96E1F4256890005F1B8 /* Info.plist */ = {isa = PBXFileReference; lastKnownFileType = text.plist.xml; path = Info.plist; sourceTree = "<group>"; };
		8839D9731F4256890005F1B8 /* FamilyShopperTests.xctest */ = {isa = PBXFileReference; explicitFileType = wrapper.cfbundle; includeInIndex = 0; path = FamilyShopperTests.xctest; sourceTree = BUILT_PRODUCTS_DIR; };
		8839D9771F4256890005F1B8 /* FamilyShopperTests.swift */ = {isa = PBXFileReference; lastKnownFileType = sourcecode.swift; path = FamilyShopperTests.swift; sourceTree = "<group>"; };
		8839D9791F4256890005F1B8 /* Info.plist */ = {isa = PBXFileReference; lastKnownFileType = text.plist.xml; path = Info.plist; sourceTree = "<group>"; };
		8839D97E1F4256890005F1B8 /* FamilyShopperUITests.xctest */ = {isa = PBXFileReference; explicitFileType = wrapper.cfbundle; includeInIndex = 0; path = FamilyShopperUITests.xctest; sourceTree = BUILT_PRODUCTS_DIR; };
		8839D9821F4256890005F1B8 /* FamilyShopperUITests.swift */ = {isa = PBXFileReference; lastKnownFileType = sourcecode.swift; path = FamilyShopperUITests.swift; sourceTree = "<group>"; };
		8839D9841F4256890005F1B8 /* Info.plist */ = {isa = PBXFileReference; lastKnownFileType = text.plist.xml; path = Info.plist; sourceTree = "<group>"; };
		8839D9941F42592F0005F1B8 /* CurrencyTxtField.swift */ = {isa = PBXFileReference; fileEncoding = 4; lastKnownFileType = sourcecode.swift; path = CurrencyTxtField.swift; sourceTree = "<group>"; };
		8839D9961F425FCD0005F1B8 /* Wage.swift */ = {isa = PBXFileReference; fileEncoding = 4; lastKnownFileType = sourcecode.swift; path = Wage.swift; sourceTree = "<group>"; };
/* End PBXFileReference section */

/* Begin PBXFrameworksBuildPhase section */
		8839D95C1F4256890005F1B8 /* Frameworks */ = {
			isa = PBXFrameworksBuildPhase;
			buildActionMask = 2147483647;
			files = (
			);
			runOnlyForDeploymentPostprocessing = 0;
		};
		8839D9701F4256890005F1B8 /* Frameworks */ = {
			isa = PBXFrameworksBuildPhase;
			buildActionMask = 2147483647;
			files = (
			);
			runOnlyForDeploymentPostprocessing = 0;
		};
		8839D97B1F4256890005F1B8 /* Frameworks */ = {
			isa = PBXFrameworksBuildPhase;
			buildActionMask = 2147483647;
			files = (
			);
			runOnlyForDeploymentPostprocessing = 0;
		};
/* End PBXFrameworksBuildPhase section */

/* Begin PBXGroup section */
		8839D9561F4256890005F1B8 = {
			isa = PBXGroup;
			children = (
				8839D9611F4256890005F1B8 /* FamilyShopper */,
				8839D9761F4256890005F1B8 /* FamilyShopperTests */,
				8839D9811F4256890005F1B8 /* FamilyShopperUITests */,
				8839D9601F4256890005F1B8 /* Products */,
			);
			sourceTree = "<group>";
		};
		8839D9601F4256890005F1B8 /* Products */ = {
			isa = PBXGroup;
			children = (
				8839D95F1F4256890005F1B8 /* FamilyShopper.app */,
				8839D9731F4256890005F1B8 /* FamilyShopperTests.xctest */,
				8839D97E1F4256890005F1B8 /* FamilyShopperUITests.xctest */,
			);
			name = Products;
			sourceTree = "<group>";
		};
		8839D9611F4256890005F1B8 /* FamilyShopper */ = {
			isa = PBXGroup;
			children = (
				8839D9921F4257670005F1B8 /* Model */,
				8839D9911F4257100005F1B8 /* Views */,
				8839D9931F4257760005F1B8 /* Controller */,
				8839D9621F4256890005F1B8 /* AppDelegate.swift */,
				8839D9661F4256890005F1B8 /* Main.storyboard */,
				8839D9691F4256890005F1B8 /* Assets.xcassets */,
				8839D96B1F4256890005F1B8 /* LaunchScreen.storyboard */,
				8839D96E1F4256890005F1B8 /* Info.plist */,
			);
			path = FamilyShopper;
			sourceTree = "<group>";
		};
		8839D9761F4256890005F1B8 /* FamilyShopperTests */ = {
			isa = PBXGroup;
			children = (
				8839D9771F4256890005F1B8 /* FamilyShopperTests.swift */,
				8839D9791F4256890005F1B8 /* Info.plist */,
			);
			path = FamilyShopperTests;
			sourceTree = "<group>";
		};
		8839D9811F4256890005F1B8 /* FamilyShopperUITests */ = {
			isa = PBXGroup;
			children = (
				8839D9821F4256890005F1B8 /* FamilyShopperUITests.swift */,
				8839D9841F4256890005F1B8 /* Info.plist */,
			);
			path = FamilyShopperUITests;
			sourceTree = "<group>";
		};
		8839D9911F4257100005F1B8 /* Views */ = {
			isa = PBXGroup;
			children = (
				8839D9941F42592F0005F1B8 /* CurrencyTxtField.swift */,
			);
			name = Views;
			sourceTree = "<group>";
		};
		8839D9921F4257670005F1B8 /* Model */ = {
			isa = PBXGroup;
			children = (
				8839D9961F425FCD0005F1B8 /* Wage.swift */,
			);
			name = Model;
			sourceTree = "<group>";
		};
		8839D9931F4257760005F1B8 /* Controller */ = {
			isa = PBXGroup;
			children = (
				8839D9641F4256890005F1B8 /* MainVC.swift */,
			);
			name = Controller;
			sourceTree = "<group>";
		};
/* End PBXGroup section */

/* Begin PBXNativeTarget section */
		8839D95E1F4256890005F1B8 /* FamilyShopper */ = {
			isa = PBXNativeTarget;
			buildConfigurationList = 8839D9871F4256890005F1B8 /* Build configuration list for PBXNativeTarget "FamilyShopper" */;
			buildPhases = (
				8839D95B1F4256890005F1B8 /* Sources */,
				8839D95C1F4256890005F1B8 /* Frameworks */,
				8839D95D1F4256890005F1B8 /* Resources */,
			);
			buildRules = (
			);
			dependencies = (
			);
			name = FamilyShopper;
			productName = FamilyShopper;
			productReference = 8839D95F1F4256890005F1B8 /* FamilyShopper.app */;
			productType = "com.apple.product-type.application";
		};
		8839D9721F4256890005F1B8 /* FamilyShopperTests */ = {
			isa = PBXNativeTarget;
			buildConfigurationList = 8839D98A1F4256890005F1B8 /* Build configuration list for PBXNativeTarget "FamilyShopperTests" */;
			buildPhases = (
				8839D96F1F4256890005F1B8 /* Sources */,
				8839D9701F4256890005F1B8 /* Frameworks */,
				8839D9711F4256890005F1B8 /* Resources */,
			);
			buildRules = (
			);
			dependencies = (
				8839D9751F4256890005F1B8 /* PBXTargetDependency */,
			);
			name = FamilyShopperTests;
			productName = FamilyShopperTests;
			productReference = 8839D9731F4256890005F1B8 /* FamilyShopperTests.xctest */;
			productType = "com.apple.product-type.bundle.unit-test";
		};
		8839D97D1F4256890005F1B8 /* FamilyShopperUITests */ = {
			isa = PBXNativeTarget;
			buildConfigurationList = 8839D98D1F4256890005F1B8 /* Build configuration list for PBXNativeTarget "FamilyShopperUITests" */;
			buildPhases = (
				8839D97A1F4256890005F1B8 /* Sources */,
				8839D97B1F4256890005F1B8 /* Frameworks */,
				8839D97C1F4256890005F1B8 /* Resources */,
			);
			buildRules = (
			);
			dependencies = (
				8839D9801F4256890005F1B8 /* PBXTargetDependency */,
			);
			name = FamilyShopperUITests;
			productName = FamilyShopperUITests;
			productReference = 8839D97E1F4256890005F1B8 /* FamilyShopperUITests.xctest */;
			productType = "com.apple.product-type.bundle.ui-testing";
		};
/* End PBXNativeTarget section */

/* Begin PBXProject section */
		8839D9571F4256890005F1B8 /* Project object */ = {
			isa = PBXProject;
			attributes = {
				LastSwiftUpdateCheck = 0830;
				LastUpgradeCheck = 0830;
				ORGANIZATIONNAME = Ljubomir;
				TargetAttributes = {
					8839D95E1F4256890005F1B8 = {
						CreatedOnToolsVersion = 8.3.3;
						ProvisioningStyle = Automatic;
					};
					8839D9721F4256890005F1B8 = {
						CreatedOnToolsVersion = 8.3.3;
						ProvisioningStyle = Automatic;
						TestTargetID = 8839D95E1F4256890005F1B8;
					};
					8839D97D1F4256890005F1B8 = {
						CreatedOnToolsVersion = 8.3.3;
						ProvisioningStyle = Automatic;
						TestTargetID = 8839D95E1F4256890005F1B8;
					};
				};
			};
			buildConfigurationList = 8839D95A1F4256890005F1B8 /* Build configuration list for PBXProject "FamilyShopper" */;
			compatibilityVersion = "Xcode 3.2";
			developmentRegion = English;
			hasScannedForEncodings = 0;
			knownRegions = (
				en,
				Base,
			);
			mainGroup = 8839D9561F4256890005F1B8;
			productRefGroup = 8839D9601F4256890005F1B8 /* Products */;
			projectDirPath = "";
			projectRoot = "";
			targets = (
				8839D95E1F4256890005F1B8 /* FamilyShopper */,
				8839D9721F4256890005F1B8 /* FamilyShopperTests */,
				8839D97D1F4256890005F1B8 /* FamilyShopperUITests */,
			);
		};
/* End PBXProject section */

/* Begin PBXResourcesBuildPhase section */
		8839D95D1F4256890005F1B8 /* Resources */ = {
			isa = PBXResourcesBuildPhase;
			buildActionMask = 2147483647;
			files = (
				8839D96D1F4256890005F1B8 /* LaunchScreen.storyboard in Resources */,
				8839D96A1F4256890005F1B8 /* Assets.xcassets in Resources */,
				8839D9681F4256890005F1B8 /* Main.storyboard in Resources */,
			);
			runOnlyForDeploymentPostprocessing = 0;
		};
		8839D9711F4256890005F1B8 /* Resources */ = {
			isa = PBXResourcesBuildPhase;
			buildActionMask = 2147483647;
			files = (
			);
			runOnlyForDeploymentPostprocessing = 0;
		};
		8839D97C1F4256890005F1B8 /* Resources */ = {
			isa = PBXResourcesBuildPhase;
			buildActionMask = 2147483647;
			files = (
			);
			runOnlyForDeploymentPostprocessing = 0;
		};
/* End PBXResourcesBuildPhase section */

/* Begin PBXSourcesBuildPhase section */
		8839D95B1F4256890005F1B8 /* Sources */ = {
			isa = PBXSourcesBuildPhase;
			buildActionMask = 2147483647;
			files = (
				8839D9951F42592F0005F1B8 /* CurrencyTxtField.swift in Sources */,
				8839D9971F425FCD0005F1B8 /* Wage.swift in Sources */,
				8839D9651F4256890005F1B8 /* MainVC.swift in Sources */,
				8839D9631F4256890005F1B8 /* AppDelegate.swift in Sources */,
			);
			runOnlyForDeploymentPostprocessing = 0;
		};
		8839D96F1F4256890005F1B8 /* Sources */ = {
			isa = PBXSourcesBuildPhase;
			buildActionMask = 2147483647;
			files = (
				8839D9781F4256890005F1B8 /* FamilyShopperTests.swift in Sources */,
			);
			runOnlyForDeploymentPostprocessing = 0;
		};
		8839D97A1F4256890005F1B8 /* Sources */ = {
			isa = PBXSourcesBuildPhase;
			buildActionMask = 2147483647;
			files = (
				8839D9831F4256890005F1B8 /* FamilyShopperUITests.swift in Sources */,
			);
			runOnlyForDeploymentPostprocessing = 0;
		};
/* End PBXSourcesBuildPhase section */

/* Begin PBXTargetDependency section */
		8839D9751F4256890005F1B8 /* PBXTargetDependency */ = {
			isa = PBXTargetDependency;
			target = 8839D95E1F4256890005F1B8 /* FamilyShopper */;
			targetProxy = 8839D9741F4256890005F1B8 /* PBXContainerItemProxy */;
		};
		8839D9801F4256890005F1B8 /* PBXTargetDependency */ = {
			isa = PBXTargetDependency;
			target = 8839D95E1F4256890005F1B8 /* FamilyShopper */;
			targetProxy = 8839D97F1F4256890005F1B8 /* PBXContainerItemProxy */;
		};
/* End PBXTargetDependency section */

/* Begin PBXVariantGroup section */
		8839D9661F4256890005F1B8 /* Main.storyboard */ = {
			isa = PBXVariantGroup;
			children = (
				8839D9671F4256890005F1B8 /* Base */,
			);
			name = Main.storyboard;
			sourceTree = "<group>";
		};
		8839D96B1F4256890005F1B8 /* LaunchScreen.storyboard */ = {
			isa = PBXVariantGroup;
			children = (
				8839D96C1F4256890005F1B8 /* Base */,
			);
			name = LaunchScreen.storyboard;
			sourceTree = "<group>";
		};
/* End PBXVariantGroup section */

/* Begin XCBuildConfiguration section */
		8839D9851F4256890005F1B8 /* Debug */ = {
			isa = XCBuildConfiguration;
			buildSettings = {
				ALWAYS_SEARCH_USER_PATHS = NO;
				CLANG_ANALYZER_NONNULL = YES;
				CLANG_ANALYZER_NUMBER_OBJECT_CONVERSION = YES_AGGRESSIVE;
				CLANG_CXX_LANGUAGE_STANDARD = "gnu++0x";
				CLANG_CXX_LIBRARY = "libc++";
				CLANG_ENABLE_MODULES = YES;
				CLANG_ENABLE_OBJC_ARC = YES;
				CLANG_WARN_BOOL_CONVERSION = YES;
				CLANG_WARN_CONSTANT_CONVERSION = YES;
				CLANG_WARN_DIRECT_OBJC_ISA_USAGE = YES_ERROR;
				CLANG_WARN_DOCUMENTATION_COMMENTS = YES;
				CLANG_WARN_EMPTY_BODY = YES;
				CLANG_WARN_ENUM_CONVERSION = YES;
				CLANG_WARN_INFINITE_RECURSION = YES;
				CLANG_WARN_INT_CONVERSION = YES;
				CLANG_WARN_OBJC_ROOT_CLASS = YES_ERROR;
				CLANG_WARN_SUSPICIOUS_MOVE = YES;
				CLANG_WARN_UNREACHABLE_CODE = YES;
				CLANG_WARN__DUPLICATE_METHOD_MATCH = YES;
				"CODE_SIGN_IDENTITY[sdk=iphoneos*]" = "iPhone Developer";
				COPY_PHASE_STRIP = NO;
				DEBUG_INFORMATION_FORMAT = dwarf;
				ENABLE_STRICT_OBJC_MSGSEND = YES;
				ENABLE_TESTABILITY = YES;
				GCC_C_LANGUAGE_STANDARD = gnu99;
				GCC_DYNAMIC_NO_PIC = NO;
				GCC_NO_COMMON_BLOCKS = YES;
				GCC_OPTIMIZATION_LEVEL = 0;
				GCC_PREPROCESSOR_DEFINITIONS = (
					"DEBUG=1",
					"$(inherited)",
				);
				GCC_WARN_64_TO_32_BIT_CONVERSION = YES;
				GCC_WARN_ABOUT_RETURN_TYPE = YES_ERROR;
				GCC_WARN_UNDECLARED_SELECTOR = YES;
				GCC_WARN_UNINITIALIZED_AUTOS = YES_AGGRESSIVE;
				GCC_WARN_UNUSED_FUNCTION = YES;
				GCC_WARN_UNUSED_VARIABLE = YES;
				IPHONEOS_DEPLOYMENT_TARGET = 10.3;
				MTL_ENABLE_DEBUG_INFO = YES;
				ONLY_ACTIVE_ARCH = YES;
				SDKROOT = iphoneos;
				SWIFT_ACTIVE_COMPILATION_CONDITIONS = DEBUG;
				SWIFT_OPTIMIZATION_LEVEL = "-Onone";
				TARGETED_DEVICE_FAMILY = "1,2";
			};
			name = Debug;
		};
		8839D9861F4256890005F1B8 /* Release */ = {
			isa = XCBuildConfiguration;
			buildSettings = {
				ALWAYS_SEARCH_USER_PATHS = NO;
				CLANG_ANALYZER_NONNULL = YES;
				CLANG_ANALYZER_NUMBER_OBJECT_CONVERSION = YES_AGGRESSIVE;
				CLANG_CXX_LANGUAGE_STANDARD = "gnu++0x";
				CLANG_CXX_LIBRARY = "libc++";
				CLANG_ENABLE_MODULES = YES;
				CLANG_ENABLE_OBJC_ARC = YES;
				CLANG_WARN_BOOL_CONVERSION = YES;
				CLANG_WARN_CONSTANT_CONVERSION = YES;
				CLANG_WARN_DIRECT_OBJC_ISA_USAGE = YES_ERROR;
				CLANG_WARN_DOCUMENTATION_COMMENTS = YES;
				CLANG_WARN_EMPTY_BODY = YES;
				CLANG_WARN_ENUM_CONVERSION = YES;
				CLANG_WARN_INFINITE_RECURSION = YES;
				CLANG_WARN_INT_CONVERSION = YES;
				CLANG_WARN_OBJC_ROOT_CLASS = YES_ERROR;
				CLANG_WARN_SUSPICIOUS_MOVE = YES;
				CLANG_WARN_UNREACHABLE_CODE = YES;
				CLANG_WARN__DUPLICATE_METHOD_MATCH = YES;
				"CODE_SIGN_IDENTITY[sdk=iphoneos*]" = "iPhone Developer";
				COPY_PHASE_STRIP = NO;
				DEBUG_INFORMATION_FORMAT = "dwarf-with-dsym";
				ENABLE_NS_ASSERTIONS = NO;
				ENABLE_STRICT_OBJC_MSGSEND = YES;
				GCC_C_LANGUAGE_STANDARD = gnu99;
				GCC_NO_COMMON_BLOCKS = YES;
				GCC_WARN_64_TO_32_BIT_CONVERSION = YES;
				GCC_WARN_ABOUT_RETURN_TYPE = YES_ERROR;
				GCC_WARN_UNDECLARED_SELECTOR = YES;
				GCC_WARN_UNINITIALIZED_AUTOS = YES_AGGRESSIVE;
				GCC_WARN_UNUSED_FUNCTION = YES;
				GCC_WARN_UNUSED_VARIABLE = YES;
				IPHONEOS_DEPLOYMENT_TARGET = 10.3;
				MTL_ENABLE_DEBUG_INFO = NO;
				SDKROOT = iphoneos;
				SWIFT_OPTIMIZATION_LEVEL = "-Owholemodule";
				TARGETED_DEVICE_FAMILY = "1,2";
				VALIDATE_PRODUCT = YES;
			};
			name = Release;
		};
		8839D9881F4256890005F1B8 /* Debug */ = {
			isa = XCBuildConfiguration;
			buildSettings = {
				ASSETCATALOG_COMPILER_APPICON_NAME = AppIcon;
				INFOPLIST_FILE = FamilyShopper/Info.plist;
				LD_RUNPATH_SEARCH_PATHS = "$(inherited) @executable_path/Frameworks";
				PRODUCT_BUNDLE_IDENTIFIER = com.Ljubomir.FamilyShopper;
				PRODUCT_NAME = "$(TARGET_NAME)";
				SWIFT_VERSION = 3.0;
				TARGETED_DEVICE_FAMILY = 1;
			};
			name = Debug;
		};
		8839D9891F4256890005F1B8 /* Release */ = {
			isa = XCBuildConfiguration;
			buildSettings = {
				ASSETCATALOG_COMPILER_APPICON_NAME = AppIcon;
				INFOPLIST_FILE = FamilyShopper/Info.plist;
				LD_RUNPATH_SEARCH_PATHS = "$(inherited) @executable_path/Frameworks";
				PRODUCT_BUNDLE_IDENTIFIER = com.Ljubomir.FamilyShopper;
				PRODUCT_NAME = "$(TARGET_NAME)";
				SWIFT_VERSION = 3.0;
				TARGETED_DEVICE_FAMILY = 1;
			};
			name = Release;
		};
		8839D98B1F4256890005F1B8 /* Debug */ = {
			isa = XCBuildConfiguration;
			buildSettings = {
				ALWAYS_EMBED_SWIFT_STANDARD_LIBRARIES = YES;
				BUNDLE_LOADER = "$(TEST_HOST)";
				INFOPLIST_FILE = FamilyShopperTests/Info.plist;
				LD_RUNPATH_SEARCH_PATHS = "$(inherited) @executable_path/Frameworks @loader_path/Frameworks";
				PRODUCT_BUNDLE_IDENTIFIER = com.Ljubomir.FamilyShopperTests;
				PRODUCT_NAME = "$(TARGET_NAME)";
				SWIFT_VERSION = 3.0;
				TEST_HOST = "$(BUILT_PRODUCTS_DIR)/FamilyShopper.app/FamilyShopper";
			};
			name = Debug;
		};
		8839D98C1F4256890005F1B8 /* Release */ = {
			isa = XCBuildConfiguration;
			buildSettings = {
				ALWAYS_EMBED_SWIFT_STANDARD_LIBRARIES = YES;
				BUNDLE_LOADER = "$(TEST_HOST)";
				INFOPLIST_FILE = FamilyShopperTests/Info.plist;
				LD_RUNPATH_SEARCH_PATHS = "$(inherited) @executable_path/Frameworks @loader_path/Frameworks";
				PRODUCT_BUNDLE_IDENTIFIER = com.Ljubomir.FamilyShopperTests;
				PRODUCT_NAME = "$(TARGET_NAME)";
				SWIFT_VERSION = 3.0;
				TEST_HOST = "$(BUILT_PRODUCTS_DIR)/FamilyShopper.app/FamilyShopper";
			};
			name = Release;
		};
		8839D98E1F4256890005F1B8 /* Debug */ = {
			isa = XCBuildConfiguration;
			buildSettings = {
				ALWAYS_EMBED_SWIFT_STANDARD_LIBRARIES = YES;
				INFOPLIST_FILE = FamilyShopperUITests/Info.plist;
				LD_RUNPATH_SEARCH_PATHS = "$(inherited) @executable_path/Frameworks @loader_path/Frameworks";
				PRODUCT_BUNDLE_IDENTIFIER = com.Ljubomir.FamilyShopperUITests;
				PRODUCT_NAME = "$(TARGET_NAME)";
				SWIFT_VERSION = 3.0;
				TEST_TARGET_NAME = FamilyShopper;
			};
			name = Debug;
		};
		8839D98F1F4256890005F1B8 /* Release */ = {
			isa = XCBuildConfiguration;
			buildSettings = {
				ALWAYS_EMBED_SWIFT_STANDARD_LIBRARIES = YES;
				INFOPLIST_FILE = FamilyShopperUITests/Info.plist;
				LD_RUNPATH_SEARCH_PATHS = "$(inherited) @executable_path/Frameworks @loader_path/Frameworks";
				PRODUCT_BUNDLE_IDENTIFIER = com.Ljubomir.FamilyShopperUITests;
				PRODUCT_NAME = "$(TARGET_NAME)";
				SWIFT_VERSION = 3.0;
				TEST_TARGET_NAME = FamilyShopper;
			};
			name = Release;
		};
/* End XCBuildConfiguration section */

/* Begin XCConfigurationList section */
		8839D95A1F4256890005F1B8 /* Build configuration list for PBXProject "FamilyShopper" */ = {
			isa = XCConfigurationList;
			buildConfigurations = (
				8839D9851F4256890005F1B8 /* Debug */,
				8839D9861F4256890005F1B8 /* Release */,
			);
			defaultConfigurationIsVisible = 0;
			defaultConfigurationName = Release;
		};
		8839D9871F4256890005F1B8 /* Build configuration list for PBXNativeTarget "FamilyShopper" */ = {
			isa = XCConfigurationList;
			buildConfigurations = (
				8839D9881F4256890005F1B8 /* Debug */,
				8839D9891F4256890005F1B8 /* Release */,
			);
			defaultConfigurationIsVisible = 0;
			defaultConfigurationName = Release;
		};
		8839D98A1F4256890005F1B8 /* Build configuration list for PBXNativeTarget "FamilyShopperTests" */ = {
			isa = XCConfigurationList;
			buildConfigurations = (
				8839D98B1F4256890005F1B8 /* Debug */,
				8839D98C1F4256890005F1B8 /* Release */,
			);
			defaultConfigurationIsVisible = 0;
			defaultConfigurationName = Release;
		};
		8839D98D1F4256890005F1B8 /* Build configuration list for PBXNativeTarget "FamilyShopperUITests" */ = {
			isa = XCConfigurationList;
			buildConfigurations = (
				8839D98E1F4256890005F1B8 /* Debug */,
				8839D98F1F4256890005F1B8 /* Release */,
			);
			defaultConfigurationIsVisible = 0;
			defaultConfigurationName = Release;
		};
/* End XCConfigurationList section */
	};
	rootObject = 8839D9571F4256890005F1B8 /* Project object */;
}
